
Microsoft Visual Studio Solution File, Format Version 12.00
# Visual Studio Version 17
VisualStudioVersion = 17.12.35309.182
MinimumVisualStudioVersion = 10.0.40219.1
Project("{2150E333-8FDC-42A3-9474-1A3956D46DE8}") = "WebApi", "WebApi", "{288E5089-172A-452C-BBC8-CE840A037C23}"
EndProject
Project("{FAE04EC0-301F-11D3-BF4B-00C04F79EFBC}") = "WebApi", "WebApi\WebApi.csproj", "{28F20E23-E846-4744-AD64-6C43B9A624B1}"
EndProject
Project("{FAE04EC0-301F-11D3-BF4B-00C04F79EFBC}") = "WebApi.Models", "WebApi.Models\WebApi.Models.csproj", "{9DB22495-D5C2-4ECC-ABA3-3D85E990BE73}"
EndProject
Project("{2150E333-8FDC-42A3-9474-1A3956D46DE8}") = "Data", "Data", "{2A9F75E4-83E9-4CA4-A05A-6E0E75B5BF20}"
EndProject
Project("{2150E333-8FDC-42A3-9474-1A3956D46DE8}") = "Logic", "Logic", "{2EDC47B4-C794-46D3-929A-D18D7BB6410E}"
EndProject
Project("{FAE04EC0-301F-11D3-BF4B-00C04F79EFBC}") = "Logic.Contracts", "Logic.Contracts\Logic.Contracts.csproj", "{9C613F09-3F33-4359-BF76-A1D71328DCA9}"
EndProject
Project("{FAE04EC0-301F-11D3-BF4B-00C04F79EFBC}") = "WebApi.Infrastructure", "WebApi.Infrastructure\WebApi.Infrastructure.csproj", "{0A5B21AF-2E3F-44D2-8919-F0F4095774F9}"
EndProject
Project("{FAE04EC0-301F-11D3-BF4B-00C04F79EFBC}") = "Data.Contracts", "Data.Contracts\Data.Contracts.csproj", "{5D528155-59CC-4935-AE7A-D92643024A09}"
EndProject
Project("{FAE04EC0-301F-11D3-BF4B-00C04F79EFBC}") = "Logic.Infrastructure", "Logic.Infrastructure\Logic.Infrastructure.csproj", "{FDB74546-8891-4F7E-B611-6BDCBA2C17D1}"
EndProject
Project("{FAE04EC0-301F-11D3-BF4B-00C04F79EFBC}") = "Data.Infrastructure", "Data.Infrastructure\Data.Infrastructure.csproj", "{615AF662-CF78-41E0-99A0-2805C38FED04}"
EndProject
Project("{FAE04EC0-301F-11D3-BF4B-00C04F79EFBC}") = "Data.Postgres", "Data.Postgres\Data.Postgres.csproj", "{3F7D1F6A-5DF5-4B90-A411-4F6EF7515EAF}"
EndProject
Project("{2150E333-8FDC-42A3-9474-1A3956D46DE8}") = "Core", "Core", "{E8F31A06-F23A-460D-9DD6-E51A49C9A9C9}"
EndProject
Project("{FAE04EC0-301F-11D3-BF4B-00C04F79EFBC}") = "Core", "Core\Core.csproj", "{4BD8F292-34D5-479A-A3BF-9937B9FB8333}"
EndProject
Global
	GlobalSection(SolutionConfigurationPlatforms) = preSolution
		Debug|Any CPU = Debug|Any CPU
		Release|Any CPU = Release|Any CPU
	EndGlobalSection
	GlobalSection(ProjectConfigurationPlatforms) = postSolution
		{28F20E23-E846-4744-AD64-6C43B9A624B1}.Debug|Any CPU.ActiveCfg = Debug|Any CPU
		{28F20E23-E846-4744-AD64-6C43B9A624B1}.Debug|Any CPU.Build.0 = Debug|Any CPU
		{28F20E23-E846-4744-AD64-6C43B9A624B1}.Release|Any CPU.ActiveCfg = Release|Any CPU
		{28F20E23-E846-4744-AD64-6C43B9A624B1}.Release|Any CPU.Build.0 = Release|Any CPU
		{9DB22495-D5C2-4ECC-ABA3-3D85E990BE73}.Debug|Any CPU.ActiveCfg = Debug|Any CPU
		{9DB22495-D5C2-4ECC-ABA3-3D85E990BE73}.Debug|Any CPU.Build.0 = Debug|Any CPU
		{9DB22495-D5C2-4ECC-ABA3-3D85E990BE73}.Release|Any CPU.ActiveCfg = Release|Any CPU
		{9DB22495-D5C2-4ECC-ABA3-3D85E990BE73}.Release|Any CPU.Build.0 = Release|Any CPU
		{9C613F09-3F33-4359-BF76-A1D71328DCA9}.Debug|Any CPU.ActiveCfg = Debug|Any CPU
		{9C613F09-3F33-4359-BF76-A1D71328DCA9}.Debug|Any CPU.Build.0 = Debug|Any CPU
		{9C613F09-3F33-4359-BF76-A1D71328DCA9}.Release|Any CPU.ActiveCfg = Release|Any CPU
		{9C613F09-3F33-4359-BF76-A1D71328DCA9}.Release|Any CPU.Build.0 = Release|Any CPU
		{0A5B21AF-2E3F-44D2-8919-F0F4095774F9}.Debug|Any CPU.ActiveCfg = Debug|Any CPU
		{0A5B21AF-2E3F-44D2-8919-F0F4095774F9}.Debug|Any CPU.Build.0 = Debug|Any CPU
		{0A5B21AF-2E3F-44D2-8919-F0F4095774F9}.Release|Any CPU.ActiveCfg = Release|Any CPU
		{0A5B21AF-2E3F-44D2-8919-F0F4095774F9}.Release|Any CPU.Build.0 = Release|Any CPU
		{5D528155-59CC-4935-AE7A-D92643024A09}.Debug|Any CPU.ActiveCfg = Debug|Any CPU
		{5D528155-59CC-4935-AE7A-D92643024A09}.Debug|Any CPU.Build.0 = Debug|Any CPU
		{5D528155-59CC-4935-AE7A-D92643024A09}.Release|Any CPU.ActiveCfg = Release|Any CPU
		{5D528155-59CC-4935-AE7A-D92643024A09}.Release|Any CPU.Build.0 = Release|Any CPU
		{FDB74546-8891-4F7E-B611-6BDCBA2C17D1}.Debug|Any CPU.ActiveCfg = Debug|Any CPU
		{FDB74546-8891-4F7E-B611-6BDCBA2C17D1}.Debug|Any CPU.Build.0 = Debug|Any CPU
		{FDB74546-8891-4F7E-B611-6BDCBA2C17D1}.Release|Any CPU.ActiveCfg = Release|Any CPU
		{FDB74546-8891-4F7E-B611-6BDCBA2C17D1}.Release|Any CPU.Build.0 = Release|Any CPU
		{615AF662-CF78-41E0-99A0-2805C38FED04}.Debug|Any CPU.ActiveCfg = Debug|Any CPU
		{615AF662-CF78-41E0-99A0-2805C38FED04}.Debug|Any CPU.Build.0 = Debug|Any CPU
		{615AF662-CF78-41E0-99A0-2805C38FED04}.Release|Any CPU.ActiveCfg = Release|Any CPU
		{615AF662-CF78-41E0-99A0-2805C38FED04}.Release|Any CPU.Build.0 = Release|Any CPU
		{3F7D1F6A-5DF5-4B90-A411-4F6EF7515EAF}.Debug|Any CPU.ActiveCfg = Debug|Any CPU
		{3F7D1F6A-5DF5-4B90-A411-4F6EF7515EAF}.Debug|Any CPU.Build.0 = Debug|Any CPU
		{3F7D1F6A-5DF5-4B90-A411-4F6EF7515EAF}.Release|Any CPU.ActiveCfg = Release|Any CPU
		{3F7D1F6A-5DF5-4B90-A411-4F6EF7515EAF}.Release|Any CPU.Build.0 = Release|Any CPU
		{4BD8F292-34D5-479A-A3BF-9937B9FB8333}.Debug|Any CPU.ActiveCfg = Debug|Any CPU
		{4BD8F292-34D5-479A-A3BF-9937B9FB8333}.Debug|Any CPU.Build.0 = Debug|Any CPU
		{4BD8F292-34D5-479A-A3BF-9937B9FB8333}.Release|Any CPU.ActiveCfg = Release|Any CPU
		{4BD8F292-34D5-479A-A3BF-9937B9FB8333}.Release|Any CPU.Build.0 = Release|Any CPU
	EndGlobalSection
	GlobalSection(SolutionProperties) = preSolution
		HideSolutionNode = FALSE
	EndGlobalSection
	GlobalSection(NestedProjects) = preSolution
		{28F20E23-E846-4744-AD64-6C43B9A624B1} = {288E5089-172A-452C-BBC8-CE840A037C23}
		{9DB22495-D5C2-4ECC-ABA3-3D85E990BE73} = {288E5089-172A-452C-BBC8-CE840A037C23}
		{9C613F09-3F33-4359-BF76-A1D71328DCA9} = {2EDC47B4-C794-46D3-929A-D18D7BB6410E}
		{0A5B21AF-2E3F-44D2-8919-F0F4095774F9} = {288E5089-172A-452C-BBC8-CE840A037C23}
		{5D528155-59CC-4935-AE7A-D92643024A09} = {2A9F75E4-83E9-4CA4-A05A-6E0E75B5BF20}
		{FDB74546-8891-4F7E-B611-6BDCBA2C17D1} = {2EDC47B4-C794-46D3-929A-D18D7BB6410E}
		{615AF662-CF78-41E0-99A0-2805C38FED04} = {2A9F75E4-83E9-4CA4-A05A-6E0E75B5BF20}
		{3F7D1F6A-5DF5-4B90-A411-4F6EF7515EAF} = {2A9F75E4-83E9-4CA4-A05A-6E0E75B5BF20}
		{4BD8F292-34D5-479A-A3BF-9937B9FB8333} = {E8F31A06-F23A-460D-9DD6-E51A49C9A9C9}
	EndGlobalSection
	GlobalSection(ExtensibilityGlobals) = postSolution
		SolutionGuid = {E8C4333B-0DCD-4CF0-AE8B-E9A6B6F35DC7}
	EndGlobalSection
EndGlobal
